
Microsoft Visual Studio Solution File, Format Version 12.00
# Visual Studio Version 17
VisualStudioVersion = 17.7.34031.279
MinimumVisualStudioVersion = 10.0.40219.1
Project("{FAE04EC0-301F-11D3-BF4B-00C04F79EFBC}") = "API_Server", "API_Server\API_Server.csproj", "{49AF5594-0597-4DC2-A312-97C765A5B088}"
EndProject
Global
	GlobalSection(SolutionConfigurationPlatforms) = preSolution
		Debug|Any CPU = Debug|Any CPU
		Release|Any CPU = Release|Any CPU
	EndGlobalSection
	GlobalSection(ProjectConfigurationPlatforms) = postSolution
		{49AF5594-0597-4DC2-A312-97C765A5B088}.Debug|Any CPU.ActiveCfg = Debug|Any CPU
		{49AF5594-0597-4DC2-A312-97C765A5B088}.Debug|Any CPU.Build.0 = Debug|Any CPU
		{49AF5594-0597-4DC2-A312-97C765A5B088}.Release|Any CPU.ActiveCfg = Release|Any CPU
		{49AF5594-0597-4DC2-A312-97C765A5B088}.Release|Any CPU.Build.0 = Release|Any CPU
	EndGlobalSection
	GlobalSection(SolutionProperties) = preSolution
		HideSolutionNode = FALSE
	EndGlobalSection
	GlobalSection(ExtensibilityGlobals) = postSolution
		SolutionGuid = {46B33555-F334-4320-B494-7A81E154798A}
	EndGlobalSection
EndGlobal
